
Microsoft Visual Studio Solution File, Format Version 11.00
# Visual Studio 2010
Project("{8BC9CEB8-8B4A-11D0-8D11-00A0C91BC942}") = "H264AndAudioPlayer", "H264AndAudioPlayer\H264AndAudioPlayer.vcxproj", "{693F3F94-5790-46EF-9238-7F26ED258E71}"
EndProject
Project("{8BC9CEB8-8B4A-11D0-8D11-00A0C91BC942}") = "PeepingServer", "PeepingServer\PeepingServer.vcxproj", "{9B7701A2-425C-4F57-8334-F662A2C2C2E7}"
EndProject
Global
	GlobalSection(SolutionConfigurationPlatforms) = preSolution
		Debug|Win32 = Debug|Win32
		Release|Win32 = Release|Win32
	EndGlobalSection
	GlobalSection(ProjectConfigurationPlatforms) = postSolution
		{693F3F94-5790-46EF-9238-7F26ED258E71}.Debug|Win32.ActiveCfg = Debug|Win32
		{693F3F94-5790-46EF-9238-7F26ED258E71}.Debug|Win32.Build.0 = Debug|Win32
		{693F3F94-5790-46EF-9238-7F26ED258E71}.Release|Win32.ActiveCfg = Release|Win32
		{693F3F94-5790-46EF-9238-7F26ED258E71}.Release|Win32.Build.0 = Release|Win32
		{9B7701A2-425C-4F57-8334-F662A2C2C2E7}.Debug|Win32.ActiveCfg = Debug|Win32
		{9B7701A2-425C-4F57-8334-F662A2C2C2E7}.Debug|Win32.Build.0 = Debug|Win32
		{9B7701A2-425C-4F57-8334-F662A2C2C2E7}.Release|Win32.ActiveCfg = Release|Win32
		{9B7701A2-425C-4F57-8334-F662A2C2C2E7}.Release|Win32.Build.0 = Release|Win32
	EndGlobalSection
	GlobalSection(SolutionProperties) = preSolution
		HideSolutionNode = FALSE
	EndGlobalSection
EndGlobal
